
Microsoft Visual Studio Solution File, Format Version 12.00
# Visual Studio Version 17
VisualStudioVersion = 17.8.34330.188
MinimumVisualStudioVersion = 10.0.40219.1
Project("{FAE04EC0-301F-11D3-BF4B-00C04F79EFBC}") = "Gustavo.NotificationTestAPI", "Gustavo.NotificationTestAPI\Gustavo.NotificationTestAPI.csproj", "{3B414FA5-4186-4270-AB83-B8E418570248}"
EndProject
Global
	GlobalSection(SolutionConfigurationPlatforms) = preSolution
		Debug|Any CPU = Debug|Any CPU
		Release|Any CPU = Release|Any CPU
	EndGlobalSection
	GlobalSection(ProjectConfigurationPlatforms) = postSolution
		{3B414FA5-4186-4270-AB83-B8E418570248}.Debug|Any CPU.ActiveCfg = Debug|Any CPU
		{3B414FA5-4186-4270-AB83-B8E418570248}.Debug|Any CPU.Build.0 = Debug|Any CPU
		{3B414FA5-4186-4270-AB83-B8E418570248}.Release|Any CPU.ActiveCfg = Release|Any CPU
		{3B414FA5-4186-4270-AB83-B8E418570248}.Release|Any CPU.Build.0 = Release|Any CPU
	EndGlobalSection
	GlobalSection(SolutionProperties) = preSolution
		HideSolutionNode = FALSE
	EndGlobalSection
	GlobalSection(ExtensibilityGlobals) = postSolution
		SolutionGuid = {72990F01-E3B4-463A-98B6-EFA03A1E40F2}
	EndGlobalSection
EndGlobal
